
Microsoft Visual Studio Solution File, Format Version 12.00
Project("{2150E333-8FDC-42A3-9474-1A3956D46DE8}") = "src", "src", "{0B892F13-43B9-4FE0-B78C-8FB00B23E20E}"
EndProject
Project("{2150E333-8FDC-42A3-9474-1A3956D46DE8}") = "Domain", "Domain", "{66502D53-BD11-4F9D-9E1C-0B5ADCCC6749}"
EndProject
Project("{2150E333-8FDC-42A3-9474-1A3956D46DE8}") = "Application", "Application", "{F9F662B8-FAFC-4A15-84D1-C780CDFF498F}"
EndProject
Project("{2150E333-8FDC-42A3-9474-1A3956D46DE8}") = "Infrastructure", "Infrastructure", "{47586B3B-FD1D-4807-8F3F-153914BD5FAC}"
EndProject
Project("{2150E333-8FDC-42A3-9474-1A3956D46DE8}") = "Host", "Host", "{EB642520-CB4C-4EC6-9237-629961D14DB6}"
EndProject
Project("{FAE04EC0-301F-11D3-BF4B-00C04F79EFBC}") = "UrlShortener.Application", "src\Application\UrlShortener.Application\UrlShortener.Application.csproj", "{B11009C8-C7B4-4B52-8921-C6D817F108F6}"
EndProject
Project("{FAE04EC0-301F-11D3-BF4B-00C04F79EFBC}") = "UrlShortener.Infrastructure", "src\Infrastructure\UrlShortener.Infrastructure\UrlShortener.Infrastructure.csproj", "{8E968308-928A-4E72-B46E-A8C9A1EA9E6B}"
EndProject
Project("{FAE04EC0-301F-11D3-BF4B-00C04F79EFBC}") = "UrlShortener.Host", "src\Host\UrlShortener.Host\UrlShortener.Host.csproj", "{087F9860-C4F2-4F47-A54B-64F7095DA56A}"
EndProject
Project("{FAE04EC0-301F-11D3-BF4B-00C04F79EFBC}") = "UrlShortener.Domain", "src\Domain\UrlShortener.Domain\UrlShortener.Domain.csproj", "{573D6F6B-096C-497C-A93B-2A336323BDEF}"
EndProject
Global
	GlobalSection(SolutionConfigurationPlatforms) = preSolution
		Debug|Any CPU = Debug|Any CPU
		Release|Any CPU = Release|Any CPU
	EndGlobalSection
	GlobalSection(ProjectConfigurationPlatforms) = postSolution
		{B11009C8-C7B4-4B52-8921-C6D817F108F6}.Debug|Any CPU.ActiveCfg = Debug|Any CPU
		{B11009C8-C7B4-4B52-8921-C6D817F108F6}.Debug|Any CPU.Build.0 = Debug|Any CPU
		{B11009C8-C7B4-4B52-8921-C6D817F108F6}.Release|Any CPU.ActiveCfg = Release|Any CPU
		{B11009C8-C7B4-4B52-8921-C6D817F108F6}.Release|Any CPU.Build.0 = Release|Any CPU
		{8E968308-928A-4E72-B46E-A8C9A1EA9E6B}.Debug|Any CPU.ActiveCfg = Debug|Any CPU
		{8E968308-928A-4E72-B46E-A8C9A1EA9E6B}.Debug|Any CPU.Build.0 = Debug|Any CPU
		{8E968308-928A-4E72-B46E-A8C9A1EA9E6B}.Release|Any CPU.ActiveCfg = Release|Any CPU
		{8E968308-928A-4E72-B46E-A8C9A1EA9E6B}.Release|Any CPU.Build.0 = Release|Any CPU
		{087F9860-C4F2-4F47-A54B-64F7095DA56A}.Debug|Any CPU.ActiveCfg = Debug|Any CPU
		{087F9860-C4F2-4F47-A54B-64F7095DA56A}.Debug|Any CPU.Build.0 = Debug|Any CPU
		{087F9860-C4F2-4F47-A54B-64F7095DA56A}.Release|Any CPU.ActiveCfg = Release|Any CPU
		{087F9860-C4F2-4F47-A54B-64F7095DA56A}.Release|Any CPU.Build.0 = Release|Any CPU
		{573D6F6B-096C-497C-A93B-2A336323BDEF}.Debug|Any CPU.ActiveCfg = Debug|Any CPU
		{573D6F6B-096C-497C-A93B-2A336323BDEF}.Debug|Any CPU.Build.0 = Debug|Any CPU
		{573D6F6B-096C-497C-A93B-2A336323BDEF}.Release|Any CPU.ActiveCfg = Release|Any CPU
		{573D6F6B-096C-497C-A93B-2A336323BDEF}.Release|Any CPU.Build.0 = Release|Any CPU
	EndGlobalSection
	GlobalSection(NestedProjects) = preSolution
		{66502D53-BD11-4F9D-9E1C-0B5ADCCC6749} = {0B892F13-43B9-4FE0-B78C-8FB00B23E20E}
		{F9F662B8-FAFC-4A15-84D1-C780CDFF498F} = {0B892F13-43B9-4FE0-B78C-8FB00B23E20E}
		{47586B3B-FD1D-4807-8F3F-153914BD5FAC} = {0B892F13-43B9-4FE0-B78C-8FB00B23E20E}
		{EB642520-CB4C-4EC6-9237-629961D14DB6} = {0B892F13-43B9-4FE0-B78C-8FB00B23E20E}
		{B11009C8-C7B4-4B52-8921-C6D817F108F6} = {F9F662B8-FAFC-4A15-84D1-C780CDFF498F}
		{8E968308-928A-4E72-B46E-A8C9A1EA9E6B} = {47586B3B-FD1D-4807-8F3F-153914BD5FAC}
		{087F9860-C4F2-4F47-A54B-64F7095DA56A} = {EB642520-CB4C-4EC6-9237-629961D14DB6}
		{573D6F6B-096C-497C-A93B-2A336323BDEF} = {66502D53-BD11-4F9D-9E1C-0B5ADCCC6749}
	EndGlobalSection
EndGlobal
